
Microsoft Visual Studio Solution File, Format Version 12.00
# Visual Studio Version 17
VisualStudioVersion = 17.0.31912.275
MinimumVisualStudioVersion = 10.0.40219.1
Project("{FAE04EC0-301F-11D3-BF4B-00C04F79EFBC}") = "1.Element7", "Ex5\1.Element7.csproj", "{712658BC-347E-4A25-BB27-3591A28B4D9A}"
EndProject
Project("{FAE04EC0-301F-11D3-BF4B-00C04F79EFBC}") = "5.ArrayNxN", "ArrayNxN\5.ArrayNxN.csproj", "{CFCF6C6D-E007-4256-BA6A-80194848DA14}"
EndProject
Global
	GlobalSection(SolutionConfigurationPlatforms) = preSolution
		Debug|Any CPU = Debug|Any CPU
		Release|Any CPU = Release|Any CPU
	EndGlobalSection
	GlobalSection(ProjectConfigurationPlatforms) = postSolution
		{712658BC-347E-4A25-BB27-3591A28B4D9A}.Debug|Any CPU.ActiveCfg = Debug|Any CPU
		{712658BC-347E-4A25-BB27-3591A28B4D9A}.Debug|Any CPU.Build.0 = Debug|Any CPU
		{712658BC-347E-4A25-BB27-3591A28B4D9A}.Release|Any CPU.ActiveCfg = Release|Any CPU
		{712658BC-347E-4A25-BB27-3591A28B4D9A}.Release|Any CPU.Build.0 = Release|Any CPU
		{CFCF6C6D-E007-4256-BA6A-80194848DA14}.Debug|Any CPU.ActiveCfg = Debug|Any CPU
		{CFCF6C6D-E007-4256-BA6A-80194848DA14}.Debug|Any CPU.Build.0 = Debug|Any CPU
		{CFCF6C6D-E007-4256-BA6A-80194848DA14}.Release|Any CPU.ActiveCfg = Release|Any CPU
		{CFCF6C6D-E007-4256-BA6A-80194848DA14}.Release|Any CPU.Build.0 = Release|Any CPU
	EndGlobalSection
	GlobalSection(SolutionProperties) = preSolution
		HideSolutionNode = FALSE
	EndGlobalSection
	GlobalSection(ExtensibilityGlobals) = postSolution
		SolutionGuid = {77D0ED89-E9DA-4887-9594-94E7542EF78E}
	EndGlobalSection
EndGlobal
